
Microsoft Visual Studio Solution File, Format Version 12.00
# Visual Studio 15
VisualStudioVersion = 15.0.28307.1062
MinimumVisualStudioVersion = 10.0.40219.1
Project("{2150E333-8FDC-42A3-9474-1A3956D46DE8}") = "Solution Items", "Solution Items", "{215C259C-DA60-4C25-B264-AFF5D7E44C79}"
EndProject
Project("{9A19103F-16F7-4668-BE54-9A1E7A4F7556}") = "OnlineCourses.Repository", "OnlineCourses.Repository\OnlineCourses.Repository.csproj", "{FEA5BCC4-9364-4957-8E97-ED6DF7018031}"
EndProject
Project("{9A19103F-16F7-4668-BE54-9A1E7A4F7556}") = "OnlineCourses.Services", "OnlineCourses.Services\OnlineCourses.Services.csproj", "{B9323989-D686-4583-BF0F-DF8748F8EC01}"
EndProject
Project("{9A19103F-16F7-4668-BE54-9A1E7A4F7556}") = "OnlineCourses.WebApiApp", "OnlineCourses.WebApiApp\OnlineCourses.WebApiApp.csproj", "{A496E579-2BB5-4CAB-B592-C2F77CA8B0FD}"
EndProject
Project("{9A19103F-16F7-4668-BE54-9A1E7A4F7556}") = "OnlineCourses.WebApiApp.Tests", "OnlineCourses.WebApiApp.Tests\OnlineCourses.WebApiApp.Tests.csproj", "{D409F451-825F-4F1A-BD1B-935416A159F4}"
EndProject
Global
	GlobalSection(SolutionConfigurationPlatforms) = preSolution
		Debug|Any CPU = Debug|Any CPU
		Release|Any CPU = Release|Any CPU
	EndGlobalSection
	GlobalSection(ProjectConfigurationPlatforms) = postSolution
		{FEA5BCC4-9364-4957-8E97-ED6DF7018031}.Debug|Any CPU.ActiveCfg = Debug|Any CPU
		{FEA5BCC4-9364-4957-8E97-ED6DF7018031}.Debug|Any CPU.Build.0 = Debug|Any CPU
		{FEA5BCC4-9364-4957-8E97-ED6DF7018031}.Release|Any CPU.ActiveCfg = Release|Any CPU
		{FEA5BCC4-9364-4957-8E97-ED6DF7018031}.Release|Any CPU.Build.0 = Release|Any CPU
		{B9323989-D686-4583-BF0F-DF8748F8EC01}.Debug|Any CPU.ActiveCfg = Debug|Any CPU
		{B9323989-D686-4583-BF0F-DF8748F8EC01}.Debug|Any CPU.Build.0 = Debug|Any CPU
		{B9323989-D686-4583-BF0F-DF8748F8EC01}.Release|Any CPU.ActiveCfg = Release|Any CPU
		{B9323989-D686-4583-BF0F-DF8748F8EC01}.Release|Any CPU.Build.0 = Release|Any CPU
		{A496E579-2BB5-4CAB-B592-C2F77CA8B0FD}.Debug|Any CPU.ActiveCfg = Debug|Any CPU
		{A496E579-2BB5-4CAB-B592-C2F77CA8B0FD}.Debug|Any CPU.Build.0 = Debug|Any CPU
		{A496E579-2BB5-4CAB-B592-C2F77CA8B0FD}.Release|Any CPU.ActiveCfg = Release|Any CPU
		{A496E579-2BB5-4CAB-B592-C2F77CA8B0FD}.Release|Any CPU.Build.0 = Release|Any CPU
		{D409F451-825F-4F1A-BD1B-935416A159F4}.Debug|Any CPU.ActiveCfg = Debug|Any CPU
		{D409F451-825F-4F1A-BD1B-935416A159F4}.Debug|Any CPU.Build.0 = Debug|Any CPU
		{D409F451-825F-4F1A-BD1B-935416A159F4}.Release|Any CPU.ActiveCfg = Release|Any CPU
		{D409F451-825F-4F1A-BD1B-935416A159F4}.Release|Any CPU.Build.0 = Release|Any CPU
	EndGlobalSection
	GlobalSection(SolutionProperties) = preSolution
		HideSolutionNode = FALSE
	EndGlobalSection
	GlobalSection(ExtensibilityGlobals) = postSolution
		SolutionGuid = {8F9E5CAB-2B4B-4ADF-B365-1DD5EAFD41EC}
	EndGlobalSection
EndGlobal
